// !$*UTF8*$!
{
	archiveVersion = 1;
	classes = {
	};
	objectVersion = 46;
	objects = {

/* Begin PBXBuildFile section */
		493F3CC81C43BAAC008AED66 /* AppDelegate.swift in Sources */ = {isa = PBXBuildFile; fileRef = 493F3CC71C43BAAC008AED66 /* AppDelegate.swift */; };
		493F3CCA1C43BAAC008AED66 /* ViewController.swift in Sources */ = {isa = PBXBuildFile; fileRef = 493F3CC91C43BAAC008AED66 /* ViewController.swift */; };
		493F3CCD1C43BAAC008AED66 /* Main.storyboard in Resources */ = {isa = PBXBuildFile; fileRef = 493F3CCB1C43BAAC008AED66 /* Main.storyboard */; };
		493F3CCF1C43BAAC008AED66 /* Assets.xcassets in Resources */ = {isa = PBXBuildFile; fileRef = 493F3CCE1C43BAAC008AED66 /* Assets.xcassets */; };
		493F3CD21C43BAAC008AED66 /* LaunchScreen.storyboard in Resources */ = {isa = PBXBuildFile; fileRef = 493F3CD01C43BAAC008AED66 /* LaunchScreen.storyboard */; };
		493F3CDD1C43BAAC008AED66 /* JCStrechyHeaderViewTests.swift in Sources */ = {isa = PBXBuildFile; fileRef = 493F3CDC1C43BAAC008AED66 /* JCStrechyHeaderViewTests.swift */; };
		493F3CE81C43BAAC008AED66 /* JCStrechyHeaderViewUITests.swift in Sources */ = {isa = PBXBuildFile; fileRef = 493F3CE71C43BAAC008AED66 /* JCStrechyHeaderViewUITests.swift */; };
		493F3CFF1C43CE1E008AED66 /* ImageHeaderView.swift in Sources */ = {isa = PBXBuildFile; fileRef = 493F3CFE1C43CE1E008AED66 /* ImageHeaderView.swift */; };
		493F3D011C43DB9F008AED66 /* marvel.png in Resources */ = {isa = PBXBuildFile; fileRef = 493F3D001C43DB9F008AED66 /* marvel.png */; };
/* End PBXBuildFile section */

/* Begin PBXContainerItemProxy section */
		493F3CD91C43BAAC008AED66 /* PBXContainerItemProxy */ = {
			isa = PBXContainerItemProxy;
			containerPortal = 493F3CBC1C43BAAC008AED66 /* Project object */;
			proxyType = 1;
			remoteGlobalIDString = 493F3CC31C43BAAC008AED66;
			remoteInfo = JCStrechyHeaderView;
		};
		493F3CE41C43BAAC008AED66 /* PBXContainerItemProxy */ = {
			isa = PBXContainerItemProxy;
			containerPortal = 493F3CBC1C43BAAC008AED66 /* Project object */;
			proxyType = 1;
			remoteGlobalIDString = 493F3CC31C43BAAC008AED66;
			remoteInfo = JCStrechyHeaderView;
		};
/* End PBXContainerItemProxy section */

/* Begin PBXFileReference section */
		493F3CC41C43BAAC008AED66 /* JCStrechyHeaderView.app */ = {isa = PBXFileReference; explicitFileType = wrapper.application; includeInIndex = 0; path = JCStrechyHeaderView.app; sourceTree = BUILT_PRODUCTS_DIR; };
		493F3CC71C43BAAC008AED66 /* AppDelegate.swift */ = {isa = PBXFileReference; lastKnownFileType = sourcecode.swift; path = AppDelegate.swift; sourceTree = "<group>"; };
		493F3CC91C43BAAC008AED66 /* ViewController.swift */ = {isa = PBXFileReference; lastKnownFileType = sourcecode.swift; path = ViewController.swift; sourceTree = "<group>"; };
		493F3CCC1C43BAAC008AED66 /* Base */ = {isa = PBXFileReference; lastKnownFileType = file.storyboard; name = Base; path = Base.lproj/Main.storyboard; sourceTree = "<group>"; };
		493F3CCE1C43BAAC008AED66 /* Assets.xcassets */ = {isa = PBXFileReference; lastKnownFileType = folder.assetcatalog; path = Assets.xcassets; sourceTree = "<group>"; };
		493F3CD11C43BAAC008AED66 /* Base */ = {isa = PBXFileReference; lastKnownFileType = file.storyboard; name = Base; path = Base.lproj/LaunchScreen.storyboard; sourceTree = "<group>"; };
		493F3CD31C43BAAC008AED66 /* Info.plist */ = {isa = PBXFileReference; lastKnownFileType = text.plist.xml; path = Info.plist; sourceTree = "<group>"; };
		493F3CD81C43BAAC008AED66 /* JCStrechyHeaderViewTests.xctest */ = {isa = PBXFileReference; explicitFileType = wrapper.cfbundle; includeInIndex = 0; path = JCStrechyHeaderViewTests.xctest; sourceTree = BUILT_PRODUCTS_DIR; };
		493F3CDC1C43BAAC008AED66 /* JCStrechyHeaderViewTests.swift */ = {isa = PBXFileReference; lastKnownFileType = sourcecode.swift; path = JCStrechyHeaderViewTests.swift; sourceTree = "<group>"; };
		493F3CDE1C43BAAC008AED66 /* Info.plist */ = {isa = PBXFileReference; lastKnownFileType = text.plist.xml; path = Info.plist; sourceTree = "<group>"; };
		493F3CE31C43BAAC008AED66 /* JCStrechyHeaderViewUITests.xctest */ = {isa = PBXFileReference; explicitFileType = wrapper.cfbundle; includeInIndex = 0; path = JCStrechyHeaderViewUITests.xctest; sourceTree = BUILT_PRODUCTS_DIR; };
		493F3CE71C43BAAC008AED66 /* JCStrechyHeaderViewUITests.swift */ = {isa = PBXFileReference; lastKnownFileType = sourcecode.swift; path = JCStrechyHeaderViewUITests.swift; sourceTree = "<group>"; };
		493F3CE91C43BAAC008AED66 /* Info.plist */ = {isa = PBXFileReference; lastKnownFileType = text.plist.xml; path = Info.plist; sourceTree = "<group>"; };
		493F3CFE1C43CE1E008AED66 /* ImageHeaderView.swift */ = {isa = PBXFileReference; fileEncoding = 4; lastKnownFileType = sourcecode.swift; path = ImageHeaderView.swift; sourceTree = "<group>"; };
		493F3D001C43DB9F008AED66 /* marvel.png */ = {isa = PBXFileReference; lastKnownFileType = image.png; path = marvel.png; sourceTree = "<group>"; };
/* End PBXFileReference section */

/* Begin PBXFrameworksBuildPhase section */
		493F3CC11C43BAAC008AED66 /* Frameworks */ = {
			isa = PBXFrameworksBuildPhase;
			buildActionMask = 2147483647;
			files = (
			);
			runOnlyForDeploymentPostprocessing = 0;
		};
		493F3CD51C43BAAC008AED66 /* Frameworks */ = {
			isa = PBXFrameworksBuildPhase;
			buildActionMask = 2147483647;
			files = (
			);
			runOnlyForDeploymentPostprocessing = 0;
		};
		493F3CE01C43BAAC008AED66 /* Frameworks */ = {
			isa = PBXFrameworksBuildPhase;
			buildActionMask = 2147483647;
			files = (
			);
			runOnlyForDeploymentPostprocessing = 0;
		};
/* End PBXFrameworksBuildPhase section */

/* Begin PBXGroup section */
		493F3CBB1C43BAAC008AED66 = {
			isa = PBXGroup;
			children = (
				493F3CC61C43BAAC008AED66 /* JCStrechyHeaderView */,
				493F3CDB1C43BAAC008AED66 /* JCStrechyHeaderViewTests */,
				493F3CE61C43BAAC008AED66 /* JCStrechyHeaderViewUITests */,
				493F3CC51C43BAAC008AED66 /* Products */,
			);
			sourceTree = "<group>";
		};
		493F3CC51C43BAAC008AED66 /* Products */ = {
			isa = PBXGroup;
			children = (
				493F3CC41C43BAAC008AED66 /* JCStrechyHeaderView.app */,
				493F3CD81C43BAAC008AED66 /* JCStrechyHeaderViewTests.xctest */,
				493F3CE31C43BAAC008AED66 /* JCStrechyHeaderViewUITests.xctest */,
			);
			name = Products;
			sourceTree = "<group>";
		};
		493F3CC61C43BAAC008AED66 /* JCStrechyHeaderView */ = {
			isa = PBXGroup;
			children = (
				493F3CF71C43C071008AED66 /* Resources */,
				493F3CC71C43BAAC008AED66 /* AppDelegate.swift */,
				493F3CC91C43BAAC008AED66 /* ViewController.swift */,
				493F3CFE1C43CE1E008AED66 /* ImageHeaderView.swift */,
				493F3CCB1C43BAAC008AED66 /* Main.storyboard */,
				493F3CCE1C43BAAC008AED66 /* Assets.xcassets */,
				493F3CD01C43BAAC008AED66 /* LaunchScreen.storyboard */,
				493F3CD31C43BAAC008AED66 /* Info.plist */,
			);
			path = JCStrechyHeaderView;
			sourceTree = "<group>";
		};
		493F3CDB1C43BAAC008AED66 /* JCStrechyHeaderViewTests */ = {
			isa = PBXGroup;
			children = (
				493F3CDC1C43BAAC008AED66 /* JCStrechyHeaderViewTests.swift */,
				493F3CDE1C43BAAC008AED66 /* Info.plist */,
			);
			path = JCStrechyHeaderViewTests;
			sourceTree = "<group>";
		};
		493F3CE61C43BAAC008AED66 /* JCStrechyHeaderViewUITests */ = {
			isa = PBXGroup;
			children = (
				493F3CE71C43BAAC008AED66 /* JCStrechyHeaderViewUITests.swift */,
				493F3CE91C43BAAC008AED66 /* Info.plist */,
			);
			path = JCStrechyHeaderViewUITests;
			sourceTree = "<group>";
		};
		493F3CF71C43C071008AED66 /* Resources */ = {
			isa = PBXGroup;
			children = (
				493F3D001C43DB9F008AED66 /* marvel.png */,
			);
			name = Resources;
			sourceTree = "<group>";
		};
/* End PBXGroup section */

/* Begin PBXNativeTarget section */
		493F3CC31C43BAAC008AED66 /* JCStrechyHeaderView */ = {
			isa = PBXNativeTarget;
			buildConfigurationList = 493F3CEC1C43BAAC008AED66 /* Build configuration list for PBXNativeTarget "JCStrechyHeaderView" */;
			buildPhases = (
				493F3CC01C43BAAC008AED66 /* Sources */,
				493F3CC11C43BAAC008AED66 /* Frameworks */,
				493F3CC21C43BAAC008AED66 /* Resources */,
			);
			buildRules = (
			);
			dependencies = (
			);
			name = JCStrechyHeaderView;
			productName = JCStrechyHeaderView;
			productReference = 493F3CC41C43BAAC008AED66 /* JCStrechyHeaderView.app */;
			productType = "com.apple.product-type.application";
		};
		493F3CD71C43BAAC008AED66 /* JCStrechyHeaderViewTests */ = {
			isa = PBXNativeTarget;
			buildConfigurationList = 493F3CEF1C43BAAC008AED66 /* Build configuration list for PBXNativeTarget "JCStrechyHeaderViewTests" */;
			buildPhases = (
				493F3CD41C43BAAC008AED66 /* Sources */,
				493F3CD51C43BAAC008AED66 /* Frameworks */,
				493F3CD61C43BAAC008AED66 /* Resources */,
			);
			buildRules = (
			);
			dependencies = (
				493F3CDA1C43BAAC008AED66 /* PBXTargetDependency */,
			);
			name = JCStrechyHeaderViewTests;
			productName = JCStrechyHeaderViewTests;
			productReference = 493F3CD81C43BAAC008AED66 /* JCStrechyHeaderViewTests.xctest */;
			productType = "com.apple.product-type.bundle.unit-test";
		};
		493F3CE21C43BAAC008AED66 /* JCStrechyHeaderViewUITests */ = {
			isa = PBXNativeTarget;
			buildConfigurationList = 493F3CF21C43BAAC008AED66 /* Build configuration list for PBXNativeTarget "JCStrechyHeaderViewUITests" */;
			buildPhases = (
				493F3CDF1C43BAAC008AED66 /* Sources */,
				493F3CE01C43BAAC008AED66 /* Frameworks */,
				493F3CE11C43BAAC008AED66 /* Resources */,
			);
			buildRules = (
			);
			dependencies = (
				493F3CE51C43BAAC008AED66 /* PBXTargetDependency */,
			);
			name = JCStrechyHeaderViewUITests;
			productName = JCStrechyHeaderViewUITests;
			productReference = 493F3CE31C43BAAC008AED66 /* JCStrechyHeaderViewUITests.xctest */;
			productType = "com.apple.product-type.bundle.ui-testing";
		};
/* End PBXNativeTarget section */

/* Begin PBXProject section */
		493F3CBC1C43BAAC008AED66 /* Project object */ = {
			isa = PBXProject;
			attributes = {
				LastSwiftUpdateCheck = 0710;
				LastUpgradeCheck = 0710;
				ORGANIZATIONNAME = jc;
				TargetAttributes = {
					493F3CC31C43BAAC008AED66 = {
						CreatedOnToolsVersion = 7.1.1;
					};
					493F3CD71C43BAAC008AED66 = {
						CreatedOnToolsVersion = 7.1.1;
						TestTargetID = 493F3CC31C43BAAC008AED66;
					};
					493F3CE21C43BAAC008AED66 = {
						CreatedOnToolsVersion = 7.1.1;
						TestTargetID = 493F3CC31C43BAAC008AED66;
					};
				};
			};
			buildConfigurationList = 493F3CBF1C43BAAC008AED66 /* Build configuration list for PBXProject "JCStrechyHeaderView" */;
			compatibilityVersion = "Xcode 3.2";
			developmentRegion = English;
			hasScannedForEncodings = 0;
			knownRegions = (
				en,
				Base,
			);
			mainGroup = 493F3CBB1C43BAAC008AED66;
			productRefGroup = 493F3CC51C43BAAC008AED66 /* Products */;
			projectDirPath = "";
			projectRoot = "";
			targets = (
				493F3CC31C43BAAC008AED66 /* JCStrechyHeaderView */,
				493F3CD71C43BAAC008AED66 /* JCStrechyHeaderViewTests */,
				493F3CE21C43BAAC008AED66 /* JCStrechyHeaderViewUITests */,
			);
		};
/* End PBXProject section */

/* Begin PBXResourcesBuildPhase section */
		493F3CC21C43BAAC008AED66 /* Resources */ = {
			isa = PBXResourcesBuildPhase;
			buildActionMask = 2147483647;
			files = (
				493F3CD21C43BAAC008AED66 /* LaunchScreen.storyboard in Resources */,
				493F3D011C43DB9F008AED66 /* marvel.png in Resources */,
				493F3CCF1C43BAAC008AED66 /* Assets.xcassets in Resources */,
				493F3CCD1C43BAAC008AED66 /* Main.storyboard in Resources */,
			);
			runOnlyForDeploymentPostprocessing = 0;
		};
		493F3CD61C43BAAC008AED66 /* Resources */ = {
			isa = PBXResourcesBuildPhase;
			buildActionMask = 2147483647;
			files = (
			);
			runOnlyForDeploymentPostprocessing = 0;
		};
		493F3CE11C43BAAC008AED66 /* Resources */ = {
			isa = PBXResourcesBuildPhase;
			buildActionMask = 2147483647;
			files = (
			);
			runOnlyForDeploymentPostprocessing = 0;
		};
/* End PBXResourcesBuildPhase section */

/* Begin PBXSourcesBuildPhase section */
		493F3CC01C43BAAC008AED66 /* Sources */ = {
			isa = PBXSourcesBuildPhase;
			buildActionMask = 2147483647;
			files = (
				493F3CFF1C43CE1E008AED66 /* ImageHeaderView.swift in Sources */,
				493F3CCA1C43BAAC008AED66 /* ViewController.swift in Sources */,
				493F3CC81C43BAAC008AED66 /* AppDelegate.swift in Sources */,
			);
			runOnlyForDeploymentPostprocessing = 0;
		};
		493F3CD41C43BAAC008AED66 /* Sources */ = {
			isa = PBXSourcesBuildPhase;
			buildActionMask = 2147483647;
			files = (
				493F3CDD1C43BAAC008AED66 /* JCStrechyHeaderViewTests.swift in Sources */,
			);
			runOnlyForDeploymentPostprocessing = 0;
		};
		493F3CDF1C43BAAC008AED66 /* Sources */ = {
			isa = PBXSourcesBuildPhase;
			buildActionMask = 2147483647;
			files = (
				493F3CE81C43BAAC008AED66 /* JCStrechyHeaderViewUITests.swift in Sources */,
			);
			runOnlyForDeploymentPostprocessing = 0;
		};
/* End PBXSourcesBuildPhase section */

/* Begin PBXTargetDependency section */
		493F3CDA1C43BAAC008AED66 /* PBXTargetDependency */ = {
			isa = PBXTargetDependency;
			target = 493F3CC31C43BAAC008AED66 /* JCStrechyHeaderView */;
			targetProxy = 493F3CD91C43BAAC008AED66 /* PBXContainerItemProxy */;
		};
		493F3CE51C43BAAC008AED66 /* PBXTargetDependency */ = {
			isa = PBXTargetDependency;
			target = 493F3CC31C43BAAC008AED66 /* JCStrechyHeaderView */;
			targetProxy = 493F3CE41C43BAAC008AED66 /* PBXContainerItemProxy */;
		};
/* End PBXTargetDependency section */

/* Begin PBXVariantGroup section */
		493F3CCB1C43BAAC008AED66 /* Main.storyboard */ = {
			isa = PBXVariantGroup;
			children = (
				493F3CCC1C43BAAC008AED66 /* Base */,
			);
			name = Main.storyboard;
			sourceTree = "<group>";
		};
		493F3CD01C43BAAC008AED66 /* LaunchScreen.storyboard */ = {
			isa = PBXVariantGroup;
			children = (
				493F3CD11C43BAAC008AED66 /* Base */,
			);
			name = LaunchScreen.storyboard;
			sourceTree = "<group>";
		};
/* End PBXVariantGroup section */

/* Begin XCBuildConfiguration section */
		493F3CEA1C43BAAC008AED66 /* Debug */ = {
			isa = XCBuildConfiguration;
			buildSettings = {
				ALWAYS_SEARCH_USER_PATHS = NO;
				CLANG_CXX_LANGUAGE_STANDARD = "gnu++0x";
				CLANG_CXX_LIBRARY = "libc++";
				CLANG_ENABLE_MODULES = YES;
				CLANG_ENABLE_OBJC_ARC = YES;
				CLANG_WARN_BOOL_CONVERSION = YES;
				CLANG_WARN_CONSTANT_CONVERSION = YES;
				CLANG_WARN_DIRECT_OBJC_ISA_USAGE = YES_ERROR;
				CLANG_WARN_EMPTY_BODY = YES;
				CLANG_WARN_ENUM_CONVERSION = YES;
				CLANG_WARN_INT_CONVERSION = YES;
				CLANG_WARN_OBJC_ROOT_CLASS = YES_ERROR;
				CLANG_WARN_UNREACHABLE_CODE = YES;
				CLANG_WARN__DUPLICATE_METHOD_MATCH = YES;
				"CODE_SIGN_IDENTITY[sdk=iphoneos*]" = "iPhone Developer";
				COPY_PHASE_STRIP = NO;
				DEBUG_INFORMATION_FORMAT = dwarf;
				ENABLE_STRICT_OBJC_MSGSEND = YES;
				ENABLE_TESTABILITY = YES;
				GCC_C_LANGUAGE_STANDARD = gnu99;
				GCC_DYNAMIC_NO_PIC = NO;
				GCC_NO_COMMON_BLOCKS = YES;
				GCC_OPTIMIZATION_LEVEL = 0;
				GCC_PREPROCESSOR_DEFINITIONS = (
					"DEBUG=1",
					"$(inherited)",
				);
				GCC_WARN_64_TO_32_BIT_CONVERSION = YES;
				GCC_WARN_ABOUT_RETURN_TYPE = YES_ERROR;
				GCC_WARN_UNDECLARED_SELECTOR = YES;
				GCC_WARN_UNINITIALIZED_AUTOS = YES_AGGRESSIVE;
				GCC_WARN_UNUSED_FUNCTION = YES;
				GCC_WARN_UNUSED_VARIABLE = YES;
				IPHONEOS_DEPLOYMENT_TARGET = 9.1;
				MTL_ENABLE_DEBUG_INFO = YES;
				ONLY_ACTIVE_ARCH = YES;
				SDKROOT = iphoneos;
				SWIFT_OPTIMIZATION_LEVEL = "-Onone";
				TARGETED_DEVICE_FAMILY = "1,2";
			};
			name = Debug;
		};
		493F3CEB1C43BAAC008AED66 /* Release */ = {
			isa = XCBuildConfiguration;
			buildSettings = {
				ALWAYS_SEARCH_USER_PATHS = NO;
				CLANG_CXX_LANGUAGE_STANDARD = "gnu++0x";
				CLANG_CXX_LIBRARY = "libc++";
				CLANG_ENABLE_MODULES = YES;
				CLANG_ENABLE_OBJC_ARC = YES;
				CLANG_WARN_BOOL_CONVERSION = YES;
				CLANG_WARN_CONSTANT_CONVERSION = YES;
				CLANG_WARN_DIRECT_OBJC_ISA_USAGE = YES_ERROR;
				CLANG_WARN_EMPTY_BODY = YES;
				CLANG_WARN_ENUM_CONVERSION = YES;
				CLANG_WARN_INT_CONVERSION = YES;
				CLANG_WARN_OBJC_ROOT_CLASS = YES_ERROR;
				CLANG_WARN_UNREACHABLE_CODE = YES;
				CLANG_WARN__DUPLICATE_METHOD_MATCH = YES;
				"CODE_SIGN_IDENTITY[sdk=iphoneos*]" = "iPhone Developer";
				COPY_PHASE_STRIP = NO;
				DEBUG_INFORMATION_FORMAT = "dwarf-with-dsym";
				ENABLE_NS_ASSERTIONS = NO;
				ENABLE_STRICT_OBJC_MSGSEND = YES;
				GCC_C_LANGUAGE_STANDARD = gnu99;
				GCC_NO_COMMON_BLOCKS = YES;
				GCC_WARN_64_TO_32_BIT_CONVERSION = YES;
				GCC_WARN_ABOUT_RETURN_TYPE = YES_ERROR;
				GCC_WARN_UNDECLARED_SELECTOR = YES;
				GCC_WARN_UNINITIALIZED_AUTOS = YES_AGGRESSIVE;
				GCC_WARN_UNUSED_FUNCTION = YES;
				GCC_WARN_UNUSED_VARIABLE = YES;
				IPHONEOS_DEPLOYMENT_TARGET = 9.1;
				MTL_ENABLE_DEBUG_INFO = NO;
				SDKROOT = iphoneos;
				TARGETED_DEVICE_FAMILY = "1,2";
				VALIDATE_PRODUCT = YES;
			};
			name = Release;
		};
		493F3CED1C43BAAC008AED66 /* Debug */ = {
			isa = XCBuildConfiguration;
			buildSettings = {
				ASSETCATALOG_COMPILER_APPICON_NAME = AppIcon;
				INFOPLIST_FILE = JCStrechyHeaderView/Info.plist;
				LD_RUNPATH_SEARCH_PATHS = "$(inherited) @executable_path/Frameworks";
				PRODUCT_BUNDLE_IDENTIFIER = com.test.JCStrechyHeaderView;
				PRODUCT_NAME = "$(TARGET_NAME)";
			};
			name = Debug;
		};
		493F3CEE1C43BAAC008AED66 /* Release */ = {
			isa = XCBuildConfiguration;
			buildSettings = {
				ASSETCATALOG_COMPILER_APPICON_NAME = AppIcon;
				INFOPLIST_FILE = JCStrechyHeaderView/Info.plist;
				LD_RUNPATH_SEARCH_PATHS = "$(inherited) @executable_path/Frameworks";
				PRODUCT_BUNDLE_IDENTIFIER = com.test.JCStrechyHeaderView;
				PRODUCT_NAME = "$(TARGET_NAME)";
			};
			name = Release;
		};
		493F3CF01C43BAAC008AED66 /* Debug */ = {
			isa = XCBuildConfiguration;
			buildSettings = {
				BUNDLE_LOADER = "$(TEST_HOST)";
				INFOPLIST_FILE = JCStrechyHeaderViewTests/Info.plist;
				LD_RUNPATH_SEARCH_PATHS = "$(inherited) @executable_path/Frameworks @loader_path/Frameworks";
				PRODUCT_BUNDLE_IDENTIFIER = com.test.JCStrechyHeaderViewTests;
				PRODUCT_NAME = "$(TARGET_NAME)";
				TEST_HOST = "$(BUILT_PRODUCTS_DIR)/JCStrechyHeaderView.app/JCStrechyHeaderView";
			};
			name = Debug;
		};
		493F3CF11C43BAAC008AED66 /* Release */ = {
			isa = XCBuildConfiguration;
			buildSettings = {
				BUNDLE_LOADER = "$(TEST_HOST)";
				INFOPLIST_FILE = JCStrechyHeaderViewTests/Info.plist;
				LD_RUNPATH_SEARCH_PATHS = "$(inherited) @executable_path/Frameworks @loader_path/Frameworks";
				PRODUCT_BUNDLE_IDENTIFIER = com.test.JCStrechyHeaderViewTests;
				PRODUCT_NAME = "$(TARGET_NAME)";
				TEST_HOST = "$(BUILT_PRODUCTS_DIR)/JCStrechyHeaderView.app/JCStrechyHeaderView";
			};
			name = Release;
		};
		493F3CF31C43BAAC008AED66 /* Debug */ = {
			isa = XCBuildConfiguration;
			buildSettings = {
				INFOPLIST_FILE = JCStrechyHeaderViewUITests/Info.plist;
				LD_RUNPATH_SEARCH_PATHS = "$(inherited) @executable_path/Frameworks @loader_path/Frameworks";
				PRODUCT_BUNDLE_IDENTIFIER = com.test.JCStrechyHeaderViewUITests;
				PRODUCT_NAME = "$(TARGET_NAME)";
				TEST_TARGET_NAME = JCStrechyHeaderView;
				USES_XCTRUNNER = YES;
			};
			name = Debug;
		};
		493F3CF41C43BAAC008AED66 /* Release */ = {
			isa = XCBuildConfiguration;
			buildSettings = {
				INFOPLIST_FILE = JCStrechyHeaderViewUITests/Info.plist;
				LD_RUNPATH_SEARCH_PATHS = "$(inherited) @executable_path/Frameworks @loader_path/Frameworks";
				PRODUCT_BUNDLE_IDENTIFIER = com.test.JCStrechyHeaderViewUITests;
				PRODUCT_NAME = "$(TARGET_NAME)";
				TEST_TARGET_NAME = JCStrechyHeaderView;
				USES_XCTRUNNER = YES;
			};
			name = Release;
		};
/* End XCBuildConfiguration section */

/* Begin XCConfigurationList section */
		493F3CBF1C43BAAC008AED66 /* Build configuration list for PBXProject "JCStrechyHeaderView" */ = {
			isa = XCConfigurationList;
			buildConfigurations = (
				493F3CEA1C43BAAC008AED66 /* Debug */,
				493F3CEB1C43BAAC008AED66 /* Release */,
			);
			defaultConfigurationIsVisible = 0;
			defaultConfigurationName = Release;
		};
		493F3CEC1C43BAAC008AED66 /* Build configuration list for PBXNativeTarget "JCStrechyHeaderView" */ = {
			isa = XCConfigurationList;
			buildConfigurations = (
				493F3CED1C43BAAC008AED66 /* Debug */,
				493F3CEE1C43BAAC008AED66 /* Release */,
			);
			defaultConfigurationIsVisible = 0;
		};
		493F3CEF1C43BAAC008AED66 /* Build configuration list for PBXNativeTarget "JCStrechyHeaderViewTests" */ = {
			isa = XCConfigurationList;
			buildConfigurations = (
				493F3CF01C43BAAC008AED66 /* Debug */,
				493F3CF11C43BAAC008AED66 /* Release */,
			);
			defaultConfigurationIsVisible = 0;
		};
		493F3CF21C43BAAC008AED66 /* Build configuration list for PBXNativeTarget "JCStrechyHeaderViewUITests" */ = {
			isa = XCConfigurationList;
			buildConfigurations = (
				493F3CF31C43BAAC008AED66 /* Debug */,
				493F3CF41C43BAAC008AED66 /* Release */,
			);
			defaultConfigurationIsVisible = 0;
		};
/* End XCConfigurationList section */
	};
	rootObject = 493F3CBC1C43BAAC008AED66 /* Project object */;
}
